
Microsoft Visual Studio Solution File, Format Version 12.00
# Visual Studio Version 17
VisualStudioVersion = 17.13.35828.75 d17.13
MinimumVisualStudioVersion = 10.0.40219.1
Project("{FAE04EC0-301F-11D3-BF4B-00C04F79EFBC}") = "OrderFlowApp", "OrderFlowApp.csproj", "{F129728C-1ED7-44F3-AF9C-488E05D3F791}"
EndProject
Global
	GlobalSection(SolutionConfigurationPlatforms) = preSolution
		Debug|Any CPU = Debug|Any CPU
		Release|Any CPU = Release|Any CPU
	EndGlobalSection
	GlobalSection(ProjectConfigurationPlatforms) = postSolution
		{F129728C-1ED7-44F3-AF9C-488E05D3F791}.Debug|Any CPU.ActiveCfg = Debug|Any CPU
		{F129728C-1ED7-44F3-AF9C-488E05D3F791}.Debug|Any CPU.Build.0 = Debug|Any CPU
		{F129728C-1ED7-44F3-AF9C-488E05D3F791}.Release|Any CPU.ActiveCfg = Release|Any CPU
		{F129728C-1ED7-44F3-AF9C-488E05D3F791}.Release|Any CPU.Build.0 = Release|Any CPU
	EndGlobalSection
	GlobalSection(SolutionProperties) = preSolution
		HideSolutionNode = FALSE
	EndGlobalSection
	GlobalSection(ExtensibilityGlobals) = postSolution
		SolutionGuid = {EC5DB548-C5BC-4655-8DCB-D24B3A71BDB4}
	EndGlobalSection
EndGlobal
